// !$*UTF8*$!
{
	archiveVersion = 1;
	classes = {
	};
	objectVersion = 56;
	objects = {

/* Begin PBXBuildFile section */
		B12165442C8626DB00650F04 /* WeatherResponse.swift in Sources */ = {isa = PBXBuildFile; fileRef = B12165432C8626DB00650F04 /* WeatherResponse.swift */; };
		B12165462C863C0700650F04 /* WeatherService.swift in Sources */ = {isa = PBXBuildFile; fileRef = B12165452C863C0700650F04 /* WeatherService.swift */; };
		B121654B2C8640A400650F04 /* WeatherDecoder.swift in Sources */ = {isa = PBXBuildFile; fileRef = B121654A2C8640A400650F04 /* WeatherDecoder.swift */; };
		B121654E2C86605A00650F04 /* WeatherViewModel.swift in Sources */ = {isa = PBXBuildFile; fileRef = B121654D2C86605A00650F04 /* WeatherViewModel.swift */; };
		B12165502C86635600650F04 /* WeatherView.swift in Sources */ = {isa = PBXBuildFile; fileRef = B121654F2C86635600650F04 /* WeatherView.swift */; };
		B12165522C86706300650F04 /* ContentView.swift in Sources */ = {isa = PBXBuildFile; fileRef = B12165512C86706300650F04 /* ContentView.swift */; };
		B12165542C873E6600650F04 /* City.swift in Sources */ = {isa = PBXBuildFile; fileRef = B12165532C873E6600650F04 /* City.swift */; };
		B12165562C87485200650F04 /* CityListView.swift in Sources */ = {isa = PBXBuildFile; fileRef = B12165552C87485200650F04 /* CityListView.swift */; };
		B12165582C874EA700650F04 /* CityWeatherView.swift in Sources */ = {isa = PBXBuildFile; fileRef = B12165572C874EA700650F04 /* CityWeatherView.swift */; };
		B121655A2C8768B400650F04 /* LeftSideBar.swift in Sources */ = {isa = PBXBuildFile; fileRef = B12165592C8768B400650F04 /* LeftSideBar.swift */; };
		B121655C2C8777D600650F04 /* ForecastView.swift in Sources */ = {isa = PBXBuildFile; fileRef = B121655B2C8777D600650F04 /* ForecastView.swift */; };
		B121655E2C8778EC00650F04 /* DailyForecast.swift in Sources */ = {isa = PBXBuildFile; fileRef = B121655D2C8778EC00650F04 /* DailyForecast.swift */; };
		B12165612C879EBE00650F04 /* WeatherServiceProtocol.swift in Sources */ = {isa = PBXBuildFile; fileRef = B12165602C879EBE00650F04 /* WeatherServiceProtocol.swift */; };
		B12165632C87B09700650F04 /* MockWeatherService.swift in Sources */ = {isa = PBXBuildFile; fileRef = B12165622C87B09700650F04 /* MockWeatherService.swift */; };
		B14BC34C2C6BD8AC00E8FFB6 /* WeatherAppApp.swift in Sources */ = {isa = PBXBuildFile; fileRef = B14BC34B2C6BD8AC00E8FFB6 /* WeatherAppApp.swift */; };
		B14BC3502C6BD8AF00E8FFB6 /* Assets.xcassets in Resources */ = {isa = PBXBuildFile; fileRef = B14BC34F2C6BD8AF00E8FFB6 /* Assets.xcassets */; };
		B14BC3532C6BD8AF00E8FFB6 /* Preview Assets.xcassets in Resources */ = {isa = PBXBuildFile; fileRef = B14BC3522C6BD8AF00E8FFB6 /* Preview Assets.xcassets */; };
		B14BC35B2C6BD8FF00E8FFB6 /* LocationManager.swift in Sources */ = {isa = PBXBuildFile; fileRef = B14BC35A2C6BD8FF00E8FFB6 /* LocationManager.swift */; };
		B17C77E32C73EB4100306896 /* weatherData.json in Resources */ = {isa = PBXBuildFile; fileRef = B17C77E22C73EB4100306896 /* weatherData.json */; };
		B17C77EC2C74DFC100306896 /* WeatherRow.swift in Sources */ = {isa = PBXBuildFile; fileRef = B17C77EB2C74DFC100306896 /* WeatherRow.swift */; };
/* End PBXBuildFile section */

/* Begin PBXFileReference section */
		B12165432C8626DB00650F04 /* WeatherResponse.swift */ = {isa = PBXFileReference; lastKnownFileType = sourcecode.swift; path = WeatherResponse.swift; sourceTree = "<group>"; };
		B12165452C863C0700650F04 /* WeatherService.swift */ = {isa = PBXFileReference; lastKnownFileType = sourcecode.swift; path = WeatherService.swift; sourceTree = "<group>"; };
		B121654A2C8640A400650F04 /* WeatherDecoder.swift */ = {isa = PBXFileReference; lastKnownFileType = sourcecode.swift; path = WeatherDecoder.swift; sourceTree = "<group>"; };
		B121654D2C86605A00650F04 /* WeatherViewModel.swift */ = {isa = PBXFileReference; lastKnownFileType = sourcecode.swift; path = WeatherViewModel.swift; sourceTree = "<group>"; };
		B121654F2C86635600650F04 /* WeatherView.swift */ = {isa = PBXFileReference; lastKnownFileType = sourcecode.swift; path = WeatherView.swift; sourceTree = "<group>"; };
		B12165512C86706300650F04 /* ContentView.swift */ = {isa = PBXFileReference; lastKnownFileType = sourcecode.swift; path = ContentView.swift; sourceTree = "<group>"; };
		B12165532C873E6600650F04 /* City.swift */ = {isa = PBXFileReference; lastKnownFileType = sourcecode.swift; path = City.swift; sourceTree = "<group>"; };
		B12165552C87485200650F04 /* CityListView.swift */ = {isa = PBXFileReference; lastKnownFileType = sourcecode.swift; path = CityListView.swift; sourceTree = "<group>"; };
		B12165572C874EA700650F04 /* CityWeatherView.swift */ = {isa = PBXFileReference; lastKnownFileType = sourcecode.swift; path = CityWeatherView.swift; sourceTree = "<group>"; };
		B12165592C8768B400650F04 /* LeftSideBar.swift */ = {isa = PBXFileReference; lastKnownFileType = sourcecode.swift; path = LeftSideBar.swift; sourceTree = "<group>"; };
		B121655B2C8777D600650F04 /* ForecastView.swift */ = {isa = PBXFileReference; lastKnownFileType = sourcecode.swift; path = ForecastView.swift; sourceTree = "<group>"; };
		B121655D2C8778EC00650F04 /* DailyForecast.swift */ = {isa = PBXFileReference; lastKnownFileType = sourcecode.swift; path = DailyForecast.swift; sourceTree = "<group>"; };
		B12165602C879EBE00650F04 /* WeatherServiceProtocol.swift */ = {isa = PBXFileReference; lastKnownFileType = sourcecode.swift; path = WeatherServiceProtocol.swift; sourceTree = "<group>"; };
		B12165622C87B09700650F04 /* MockWeatherService.swift */ = {isa = PBXFileReference; lastKnownFileType = sourcecode.swift; path = MockWeatherService.swift; sourceTree = "<group>"; };
		B14BC3482C6BD8AC00E8FFB6 /* WeatherApp.app */ = {isa = PBXFileReference; explicitFileType = wrapper.application; includeInIndex = 0; path = WeatherApp.app; sourceTree = BUILT_PRODUCTS_DIR; };
		B14BC34B2C6BD8AC00E8FFB6 /* WeatherAppApp.swift */ = {isa = PBXFileReference; lastKnownFileType = sourcecode.swift; path = WeatherAppApp.swift; sourceTree = "<group>"; };
		B14BC34F2C6BD8AF00E8FFB6 /* Assets.xcassets */ = {isa = PBXFileReference; lastKnownFileType = folder.assetcatalog; path = Assets.xcassets; sourceTree = "<group>"; };
		B14BC3522C6BD8AF00E8FFB6 /* Preview Assets.xcassets */ = {isa = PBXFileReference; lastKnownFileType = folder.assetcatalog; path = "Preview Assets.xcassets"; sourceTree = "<group>"; };
		B14BC35A2C6BD8FF00E8FFB6 /* LocationManager.swift */ = {isa = PBXFileReference; lastKnownFileType = sourcecode.swift; path = LocationManager.swift; sourceTree = "<group>"; };
		B17C77E22C73EB4100306896 /* weatherData.json */ = {isa = PBXFileReference; lastKnownFileType = text.json; path = weatherData.json; sourceTree = "<group>"; };
		B17C77EB2C74DFC100306896 /* WeatherRow.swift */ = {isa = PBXFileReference; lastKnownFileType = sourcecode.swift; path = WeatherRow.swift; sourceTree = "<group>"; };
/* End PBXFileReference section */

/* Begin PBXFrameworksBuildPhase section */
		B14BC3452C6BD8AC00E8FFB6 /* Frameworks */ = {
			isa = PBXFrameworksBuildPhase;
			buildActionMask = 2147483647;
			files = (
			);
			runOnlyForDeploymentPostprocessing = 0;
		};
/* End PBXFrameworksBuildPhase section */

/* Begin PBXGroup section */
		B12165422C86269D00650F04 /* Entitys  */ = {
			isa = PBXGroup;
			children = (
				B12165432C8626DB00650F04 /* WeatherResponse.swift */,
				B12165532C873E6600650F04 /* City.swift */,
				B121655D2C8778EC00650F04 /* DailyForecast.swift */,
			);
			path = "Entitys ";
			sourceTree = "<group>";
		};
		B12165492C86408E00650F04 /* Extencion */ = {
			isa = PBXGroup;
			children = (
				B121654A2C8640A400650F04 /* WeatherDecoder.swift */,
			);
			path = Extencion;
			sourceTree = "<group>";
		};
		B121654C2C86603700650F04 /* ViewModel */ = {
			isa = PBXGroup;
			children = (
				B121654D2C86605A00650F04 /* WeatherViewModel.swift */,
			);
			path = ViewModel;
			sourceTree = "<group>";
		};
		B121655F2C87998B00650F04 /* Protocols */ = {
			isa = PBXGroup;
			children = (
				B12165602C879EBE00650F04 /* WeatherServiceProtocol.swift */,
				B12165622C87B09700650F04 /* MockWeatherService.swift */,
			);
			path = Protocols;
			sourceTree = "<group>";
		};
		B14BC33F2C6BD8AC00E8FFB6 = {
			isa = PBXGroup;
			children = (
				B14BC34A2C6BD8AC00E8FFB6 /* WeatherApp */,
				B14BC3492C6BD8AC00E8FFB6 /* Products */,
			);
			sourceTree = "<group>";
		};
		B14BC3492C6BD8AC00E8FFB6 /* Products */ = {
			isa = PBXGroup;
			children = (
				B14BC3482C6BD8AC00E8FFB6 /* WeatherApp.app */,
			);
			name = Products;
			sourceTree = "<group>";
		};
		B14BC34A2C6BD8AC00E8FFB6 /* WeatherApp */ = {
			isa = PBXGroup;
			children = (
				B12165492C86408E00650F04 /* Extencion */,
				B12165422C86269D00650F04 /* Entitys  */,
				B17C77EA2C74DF9800306896 /* Components */,
				B14BC35C2C6BDAC900E8FFB6 /* Views */,
				B14BC3592C6BD8D400E8FFB6 /* Managers */,
				B14BC34B2C6BD8AC00E8FFB6 /* WeatherAppApp.swift */,
				B14BC34F2C6BD8AF00E8FFB6 /* Assets.xcassets */,
				B14BC3512C6BD8AF00E8FFB6 /* Preview Content */,
			);
			path = WeatherApp;
			sourceTree = "<group>";
		};
		B14BC3512C6BD8AF00E8FFB6 /* Preview Content */ = {
			isa = PBXGroup;
			children = (
				B14BC3522C6BD8AF00E8FFB6 /* Preview Assets.xcassets */,
				B17C77E22C73EB4100306896 /* weatherData.json */,
			);
			path = "Preview Content";
			sourceTree = "<group>";
		};
		B14BC3592C6BD8D400E8FFB6 /* Managers */ = {
			isa = PBXGroup;
			children = (
				B121655F2C87998B00650F04 /* Protocols */,
				B14BC35A2C6BD8FF00E8FFB6 /* LocationManager.swift */,
				B12165452C863C0700650F04 /* WeatherService.swift */,
			);
			path = Managers;
			sourceTree = "<group>";
		};
		B14BC35C2C6BDAC900E8FFB6 /* Views */ = {
			isa = PBXGroup;
			children = (
				B121654C2C86603700650F04 /* ViewModel */,
				B121654F2C86635600650F04 /* WeatherView.swift */,
				B12165592C8768B400650F04 /* LeftSideBar.swift */,
				B121655B2C8777D600650F04 /* ForecastView.swift */,
				B12165572C874EA700650F04 /* CityWeatherView.swift */,
				B12165512C86706300650F04 /* ContentView.swift */,
				B12165552C87485200650F04 /* CityListView.swift */,
			);
			path = Views;
			sourceTree = "<group>";
		};
		B17C77EA2C74DF9800306896 /* Components */ = {
			isa = PBXGroup;
			children = (
				B17C77EB2C74DFC100306896 /* WeatherRow.swift */,
			);
			path = Components;
			sourceTree = "<group>";
		};
/* End PBXGroup section */

/* Begin PBXNativeTarget section */
		B14BC3472C6BD8AC00E8FFB6 /* WeatherApp */ = {
			isa = PBXNativeTarget;
			buildConfigurationList = B14BC3562C6BD8AF00E8FFB6 /* Build configuration list for PBXNativeTarget "WeatherApp" */;
			buildPhases = (
				B14BC3442C6BD8AC00E8FFB6 /* Sources */,
				B14BC3452C6BD8AC00E8FFB6 /* Frameworks */,
				B14BC3462C6BD8AC00E8FFB6 /* Resources */,
			);
			buildRules = (
			);
			dependencies = (
			);
			name = WeatherApp;
			productName = WeatherApp;
			productReference = B14BC3482C6BD8AC00E8FFB6 /* WeatherApp.app */;
			productType = "com.apple.product-type.application";
		};
/* End PBXNativeTarget section */

/* Begin PBXProject section */
		B14BC3402C6BD8AC00E8FFB6 /* Project object */ = {
			isa = PBXProject;
			attributes = {
				BuildIndependentTargetsInParallel = 1;
				LastSwiftUpdateCheck = 1510;
				LastUpgradeCheck = 1510;
				TargetAttributes = {
					B14BC3472C6BD8AC00E8FFB6 = {
						CreatedOnToolsVersion = 15.1;
					};
				};
			};
			buildConfigurationList = B14BC3432C6BD8AC00E8FFB6 /* Build configuration list for PBXProject "WeatherApp" */;
			compatibilityVersion = "Xcode 14.0";
			developmentRegion = en;
			hasScannedForEncodings = 0;
			knownRegions = (
				en,
				Base,
			);
			mainGroup = B14BC33F2C6BD8AC00E8FFB6;
			productRefGroup = B14BC3492C6BD8AC00E8FFB6 /* Products */;
			projectDirPath = "";
			projectRoot = "";
			targets = (
				B14BC3472C6BD8AC00E8FFB6 /* WeatherApp */,
			);
		};
/* End PBXProject section */

/* Begin PBXResourcesBuildPhase section */
		B14BC3462C6BD8AC00E8FFB6 /* Resources */ = {
			isa = PBXResourcesBuildPhase;
			buildActionMask = 2147483647;
			files = (
				B14BC3532C6BD8AF00E8FFB6 /* Preview Assets.xcassets in Resources */,
				B17C77E32C73EB4100306896 /* weatherData.json in Resources */,
				B14BC3502C6BD8AF00E8FFB6 /* Assets.xcassets in Resources */,
			);
			runOnlyForDeploymentPostprocessing = 0;
		};
/* End PBXResourcesBuildPhase section */

/* Begin PBXSourcesBuildPhase section */
		B14BC3442C6BD8AC00E8FFB6 /* Sources */ = {
			isa = PBXSourcesBuildPhase;
			buildActionMask = 2147483647;
			files = (
				B12165582C874EA700650F04 /* CityWeatherView.swift in Sources */,
				B12165502C86635600650F04 /* WeatherView.swift in Sources */,
				B12165442C8626DB00650F04 /* WeatherResponse.swift in Sources */,
				B14BC34C2C6BD8AC00E8FFB6 /* WeatherAppApp.swift in Sources */,
				B14BC35B2C6BD8FF00E8FFB6 /* LocationManager.swift in Sources */,
				B17C77EC2C74DFC100306896 /* WeatherRow.swift in Sources */,
				B12165522C86706300650F04 /* ContentView.swift in Sources */,
				B121655A2C8768B400650F04 /* LeftSideBar.swift in Sources */,
				B12165542C873E6600650F04 /* City.swift in Sources */,
				B12165462C863C0700650F04 /* WeatherService.swift in Sources */,
				B12165612C879EBE00650F04 /* WeatherServiceProtocol.swift in Sources */,
				B121654E2C86605A00650F04 /* WeatherViewModel.swift in Sources */,
				B121655C2C8777D600650F04 /* ForecastView.swift in Sources */,
				B12165632C87B09700650F04 /* MockWeatherService.swift in Sources */,
				B121654B2C8640A400650F04 /* WeatherDecoder.swift in Sources */,
				B12165562C87485200650F04 /* CityListView.swift in Sources */,
				B121655E2C8778EC00650F04 /* DailyForecast.swift in Sources */,
			);
			runOnlyForDeploymentPostprocessing = 0;
		};
/* End PBXSourcesBuildPhase section */

/* Begin XCBuildConfiguration section */
		B14BC3542C6BD8AF00E8FFB6 /* Debug */ = {
			isa = XCBuildConfiguration;
			buildSettings = {
				ALWAYS_SEARCH_USER_PATHS = NO;
				ASSETCATALOG_COMPILER_GENERATE_SWIFT_ASSET_SYMBOL_EXTENSIONS = YES;
				CLANG_ANALYZER_NONNULL = YES;
				CLANG_ANALYZER_NUMBER_OBJECT_CONVERSION = YES_AGGRESSIVE;
				CLANG_CXX_LANGUAGE_STANDARD = "gnu++20";
				CLANG_ENABLE_MODULES = YES;
				CLANG_ENABLE_OBJC_ARC = YES;
				CLANG_ENABLE_OBJC_WEAK = YES;
				CLANG_WARN_BLOCK_CAPTURE_AUTORELEASING = YES;
				CLANG_WARN_BOOL_CONVERSION = YES;
				CLANG_WARN_COMMA = YES;
				CLANG_WARN_CONSTANT_CONVERSION = YES;
				CLANG_WARN_DEPRECATED_OBJC_IMPLEMENTATIONS = YES;
				CLANG_WARN_DIRECT_OBJC_ISA_USAGE = YES_ERROR;
				CLANG_WARN_DOCUMENTATION_COMMENTS = YES;
				CLANG_WARN_EMPTY_BODY = YES;
				CLANG_WARN_ENUM_CONVERSION = YES;
				CLANG_WARN_INFINITE_RECURSION = YES;
				CLANG_WARN_INT_CONVERSION = YES;
				CLANG_WARN_NON_LITERAL_NULL_CONVERSION = YES;
				CLANG_WARN_OBJC_IMPLICIT_RETAIN_SELF = YES;
				CLANG_WARN_OBJC_LITERAL_CONVERSION = YES;
				CLANG_WARN_OBJC_ROOT_CLASS = YES_ERROR;
				CLANG_WARN_QUOTED_INCLUDE_IN_FRAMEWORK_HEADER = YES;
				CLANG_WARN_RANGE_LOOP_ANALYSIS = YES;
				CLANG_WARN_STRICT_PROTOTYPES = YES;
				CLANG_WARN_SUSPICIOUS_MOVE = YES;
				CLANG_WARN_UNGUARDED_AVAILABILITY = YES_AGGRESSIVE;
				CLANG_WARN_UNREACHABLE_CODE = YES;
				CLANG_WARN__DUPLICATE_METHOD_MATCH = YES;
				COPY_PHASE_STRIP = NO;
				DEBUG_INFORMATION_FORMAT = dwarf;
				ENABLE_STRICT_OBJC_MSGSEND = YES;
				ENABLE_TESTABILITY = YES;
				ENABLE_USER_SCRIPT_SANDBOXING = YES;
				GCC_C_LANGUAGE_STANDARD = gnu17;
				GCC_DYNAMIC_NO_PIC = NO;
				GCC_NO_COMMON_BLOCKS = YES;
				GCC_OPTIMIZATION_LEVEL = 0;
				GCC_PREPROCESSOR_DEFINITIONS = (
					"DEBUG=1",
					"$(inherited)",
				);
				GCC_WARN_64_TO_32_BIT_CONVERSION = YES;
				GCC_WARN_ABOUT_RETURN_TYPE = YES_ERROR;
				GCC_WARN_UNDECLARED_SELECTOR = YES;
				GCC_WARN_UNINITIALIZED_AUTOS = YES_AGGRESSIVE;
				GCC_WARN_UNUSED_FUNCTION = YES;
				GCC_WARN_UNUSED_VARIABLE = YES;
				IPHONEOS_DEPLOYMENT_TARGET = 17.2;
				LOCALIZATION_PREFERS_STRING_CATALOGS = YES;
				MTL_ENABLE_DEBUG_INFO = INCLUDE_SOURCE;
				MTL_FAST_MATH = YES;
				ONLY_ACTIVE_ARCH = YES;
				SDKROOT = iphoneos;
				SWIFT_ACTIVE_COMPILATION_CONDITIONS = "DEBUG $(inherited)";
				SWIFT_OPTIMIZATION_LEVEL = "-Onone";
			};
			name = Debug;
		};
		B14BC3552C6BD8AF00E8FFB6 /* Release */ = {
			isa = XCBuildConfiguration;
			buildSettings = {
				ALWAYS_SEARCH_USER_PATHS = NO;
				ASSETCATALOG_COMPILER_GENERATE_SWIFT_ASSET_SYMBOL_EXTENSIONS = YES;
				CLANG_ANALYZER_NONNULL = YES;
				CLANG_ANALYZER_NUMBER_OBJECT_CONVERSION = YES_AGGRESSIVE;
				CLANG_CXX_LANGUAGE_STANDARD = "gnu++20";
				CLANG_ENABLE_MODULES = YES;
				CLANG_ENABLE_OBJC_ARC = YES;
				CLANG_ENABLE_OBJC_WEAK = YES;
				CLANG_WARN_BLOCK_CAPTURE_AUTORELEASING = YES;
				CLANG_WARN_BOOL_CONVERSION = YES;
				CLANG_WARN_COMMA = YES;
				CLANG_WARN_CONSTANT_CONVERSION = YES;
				CLANG_WARN_DEPRECATED_OBJC_IMPLEMENTATIONS = YES;
				CLANG_WARN_DIRECT_OBJC_ISA_USAGE = YES_ERROR;
				CLANG_WARN_DOCUMENTATION_COMMENTS = YES;
				CLANG_WARN_EMPTY_BODY = YES;
				CLANG_WARN_ENUM_CONVERSION = YES;
				CLANG_WARN_INFINITE_RECURSION = YES;
				CLANG_WARN_INT_CONVERSION = YES;
				CLANG_WARN_NON_LITERAL_NULL_CONVERSION = YES;
				CLANG_WARN_OBJC_IMPLICIT_RETAIN_SELF = YES;
				CLANG_WARN_OBJC_LITERAL_CONVERSION = YES;
				CLANG_WARN_OBJC_ROOT_CLASS = YES_ERROR;
				CLANG_WARN_QUOTED_INCLUDE_IN_FRAMEWORK_HEADER = YES;
				CLANG_WARN_RANGE_LOOP_ANALYSIS = YES;
				CLANG_WARN_STRICT_PROTOTYPES = YES;
				CLANG_WARN_SUSPICIOUS_MOVE = YES;
				CLANG_WARN_UNGUARDED_AVAILABILITY = YES_AGGRESSIVE;
				CLANG_WARN_UNREACHABLE_CODE = YES;
				CLANG_WARN__DUPLICATE_METHOD_MATCH = YES;
				COPY_PHASE_STRIP = NO;
				DEBUG_INFORMATION_FORMAT = "dwarf-with-dsym";
				ENABLE_NS_ASSERTIONS = NO;
				ENABLE_STRICT_OBJC_MSGSEND = YES;
				ENABLE_USER_SCRIPT_SANDBOXING = YES;
				GCC_C_LANGUAGE_STANDARD = gnu17;
				GCC_NO_COMMON_BLOCKS = YES;
				GCC_WARN_64_TO_32_BIT_CONVERSION = YES;
				GCC_WARN_ABOUT_RETURN_TYPE = YES_ERROR;
				GCC_WARN_UNDECLARED_SELECTOR = YES;
				GCC_WARN_UNINITIALIZED_AUTOS = YES_AGGRESSIVE;
				GCC_WARN_UNUSED_FUNCTION = YES;
				GCC_WARN_UNUSED_VARIABLE = YES;
				IPHONEOS_DEPLOYMENT_TARGET = 17.2;
				LOCALIZATION_PREFERS_STRING_CATALOGS = YES;
				MTL_ENABLE_DEBUG_INFO = NO;
				MTL_FAST_MATH = YES;
				SDKROOT = iphoneos;
				SWIFT_COMPILATION_MODE = wholemodule;
				VALIDATE_PRODUCT = YES;
			};
			name = Release;
		};
		B14BC3572C6BD8AF00E8FFB6 /* Debug */ = {
			isa = XCBuildConfiguration;
			buildSettings = {
				ASSETCATALOG_COMPILER_APPICON_NAME = AppIcon;
				ASSETCATALOG_COMPILER_GLOBAL_ACCENT_COLOR_NAME = AccentColor;
				CODE_SIGN_STYLE = Automatic;
				CURRENT_PROJECT_VERSION = 1;
				DEVELOPMENT_ASSET_PATHS = "\"WeatherApp/Preview Content\"";
				DEVELOPMENT_TEAM = U9LV5J63VU;
				ENABLE_PREVIEWS = YES;
				GENERATE_INFOPLIST_FILE = YES;
				INFOPLIST_KEY_UIApplicationSceneManifest_Generation = YES;
				INFOPLIST_KEY_UIApplicationSupportsIndirectInputEvents = YES;
				INFOPLIST_KEY_UILaunchScreen_Generation = YES;
				INFOPLIST_KEY_UISupportedInterfaceOrientations_iPad = "UIInterfaceOrientationPortrait UIInterfaceOrientationPortraitUpsideDown UIInterfaceOrientationLandscapeLeft UIInterfaceOrientationLandscapeRight";
				INFOPLIST_KEY_UISupportedInterfaceOrientations_iPhone = "UIInterfaceOrientationPortrait UIInterfaceOrientationLandscapeLeft UIInterfaceOrientationLandscapeRight";
				LD_RUNPATH_SEARCH_PATHS = (
					"$(inherited)",
					"@executable_path/Frameworks",
				);
				MARKETING_VERSION = 1.0;
				PRODUCT_BUNDLE_IDENTIFIER = com.5203.WeatherApp;
				PRODUCT_NAME = "$(TARGET_NAME)";
				SWIFT_EMIT_LOC_STRINGS = YES;
				SWIFT_VERSION = 5.0;
				TARGETED_DEVICE_FAMILY = "1,2";
			};
			name = Debug;
		};
		B14BC3582C6BD8AF00E8FFB6 /* Release */ = {
			isa = XCBuildConfiguration;
			buildSettings = {
				ASSETCATALOG_COMPILER_APPICON_NAME = AppIcon;
				ASSETCATALOG_COMPILER_GLOBAL_ACCENT_COLOR_NAME = AccentColor;
				CODE_SIGN_STYLE = Automatic;
				CURRENT_PROJECT_VERSION = 1;
				DEVELOPMENT_ASSET_PATHS = "\"WeatherApp/Preview Content\"";
				DEVELOPMENT_TEAM = U9LV5J63VU;
				ENABLE_PREVIEWS = YES;
				GENERATE_INFOPLIST_FILE = YES;
				INFOPLIST_KEY_UIApplicationSceneManifest_Generation = YES;
				INFOPLIST_KEY_UIApplicationSupportsIndirectInputEvents = YES;
				INFOPLIST_KEY_UILaunchScreen_Generation = YES;
				INFOPLIST_KEY_UISupportedInterfaceOrientations_iPad = "UIInterfaceOrientationPortrait UIInterfaceOrientationPortraitUpsideDown UIInterfaceOrientationLandscapeLeft UIInterfaceOrientationLandscapeRight";
				INFOPLIST_KEY_UISupportedInterfaceOrientations_iPhone = "UIInterfaceOrientationPortrait UIInterfaceOrientationLandscapeLeft UIInterfaceOrientationLandscapeRight";
				LD_RUNPATH_SEARCH_PATHS = (
					"$(inherited)",
					"@executable_path/Frameworks",
				);
				MARKETING_VERSION = 1.0;
				PRODUCT_BUNDLE_IDENTIFIER = com.5203.WeatherApp;
				PRODUCT_NAME = "$(TARGET_NAME)";
				SWIFT_EMIT_LOC_STRINGS = YES;
				SWIFT_VERSION = 5.0;
				TARGETED_DEVICE_FAMILY = "1,2";
			};
			name = Release;
		};
/* End XCBuildConfiguration section */

/* Begin XCConfigurationList section */
		B14BC3432C6BD8AC00E8FFB6 /* Build configuration list for PBXProject "WeatherApp" */ = {
			isa = XCConfigurationList;
			buildConfigurations = (
				B14BC3542C6BD8AF00E8FFB6 /* Debug */,
				B14BC3552C6BD8AF00E8FFB6 /* Release */,
			);
			defaultConfigurationIsVisible = 0;
			defaultConfigurationName = Release;
		};
		B14BC3562C6BD8AF00E8FFB6 /* Build configuration list for PBXNativeTarget "WeatherApp" */ = {
			isa = XCConfigurationList;
			buildConfigurations = (
				B14BC3572C6BD8AF00E8FFB6 /* Debug */,
				B14BC3582C6BD8AF00E8FFB6 /* Release */,
			);
			defaultConfigurationIsVisible = 0;
			defaultConfigurationName = Release;
		};
/* End XCConfigurationList section */
	};
	rootObject = B14BC3402C6BD8AC00E8FFB6 /* Project object */;
}
